PODS:
  - AFNetworking (2.5.0):
    - AFNetworking/NSURLConnection (= 2.5.0)
    - AFNetworking/NSURLSession (= 2.5.0)
    - AFNetworking/Reachability (= 2.5.0)
    - AFNetworking/Security (= 2.5.0)
    - AFNetworking/Serialization (= 2.5.0)
    - AFNetworking/UIKit (= 2.5.0)
  - AFNetworking/NSURLConnection (2.5.0):
    - AFNetworking/Reachability
    - AFNetworking/Security
    - AFNetworking/Serialization
  - AFNetworking/NSURLSession (2.5.0):
    - AFNetworking/Reachability
    - AFNetworking/Security
    - AFNetworking/Serialization
  - AFNetworking/Reachability (2.5.0)
  - AFNetworking/Security (2.5.0)
  - AFNetworking/Serialization (2.5.0)
  - AFNetworking/UIKit (2.5.0):
    - AFNetworking/NSURLConnection
    - AFNetworking/NSURLSession
  - CountryPicker (1.2.3)
  - FCModel (0.9.0):
    - FMDB (~> 2.1)
  - FMDB (2.4):
    - FMDB/standard (= 2.4)
  - FMDB/common (2.4)
  - FMDB/standard (2.4):
    - FMDB/common
  - KZPropertyMapper (2.5.1)
  - MHAlbumView (0.1.0)
  - MHCustomTabBarController (1.2.0)
  - MHFancyPants (0.1)
  - MHSegmentedView (0.1.1)
  - Reveal-iOS-SDK (1.5.1)
  - SZTextView (1.1.10)
  - URBMediaFocusViewController (0.5.3)

DEPENDENCIES:
  - AFNetworking
  - AFNetworking/UIKit
  - CountryPicker (~> 1.2)
  - FCModel (~> 0.9)
  - KZPropertyMapper (~> 2.0)
  - MHAlbumView
  - MHCustomTabBarController (~> 1.2.0)
  - MHFancyPants (~> 0.1)
  - MHSegmentedView
  - Reveal-iOS-SDK
  - SZTextView
  - URBMediaFocusViewController (from `https://github.com/mhaddl/URBMediaFocusViewController.git`,
    commit `8a32520dc12b417d80e3167cd0da6da213136028`)

EXTERNAL SOURCES:
  URBMediaFocusViewController:
    :commit: 8a32520dc12b417d80e3167cd0da6da213136028
    :git: https://github.com/mhaddl/URBMediaFocusViewController.git

CHECKOUT OPTIONS:
  URBMediaFocusViewController:
    :commit: 8a32520dc12b417d80e3167cd0da6da213136028
    :git: https://github.com/mhaddl/URBMediaFocusViewController.git

SPEC CHECKSUMS:
  AFNetworking: 96ac9bf3eda33582701cb1fcc5b896aa1e20311e
  CountryPicker: 6f166e2f1cc250f07eba4c587fbe1c0efc21049b
  FCModel: 04bb289914e67f2275cb17fda869131a3529c1a5
  FMDB: d274d9ff773415735022ac57bfba9f6002f9fed8
  KZPropertyMapper: e80e83aa3bc6d37a6dd55e3d04a01afcb8c23d3c
  MHAlbumView: cb30f5f7dfb88b20cf4a2878bcd5309345ad3989
  MHCustomTabBarController: 09e04410232dc2cba73bab54b3987a6288e19df7
  MHFancyPants: 94da808b8e4b05771ae628106d01b9cd5b440e3e
  MHSegmentedView: e9f782e30b5475689bff28e05bbc722bb3ff90d2
  Reveal-iOS-SDK: c9c55cad2729c85f6ced415f1b21857c9a2d8ef9
  SZTextView: c814e6dcb2303e3e79feb0fd27cf44d74e3c59a6
  URBMediaFocusViewController: 3e2412ae91bcd7e09c324933ee4332d72f7d39bf

COCOAPODS: 0.37.2
